# THIS IS AN AUTOGENERATED FILE. DO NOT EDIT THIS FILE DIRECTLY.
# yarn lockfile v1


tailwind-toast@^1.1.0:
  version "1.1.0"
  resolved "https://registry.yarnpkg.com/tailwind-toast/-/tailwind-toast-1.1.0.tgz#42cfa5bd03ea14e48993b3da6cc4d0d30d885b27"
  integrity sha512-f4Ok+fZIWj0pjkgoc5BXtUVB90KCMSiY5ffq1bC2csqzR+5lALUhmPvpZPGjoe/OtkL3MqTkaWPgqzLDI6/LMw==

ws@^8.13.0:
  version "8.13.0"
  resolved "https://registry.yarnpkg.com/ws/-/ws-8.13.0.tgz#9a9fb92f93cf41512a0735c8f4dd09b8a1211cd0"
  integrity sha512-x9vcZYTrFPC7aSIbj7sRCYo7L/Xb8Iy+pW0ng0wt2vCJv7M9HOMy0UoN3rr+IFC7hb7vXoqS+P9ktyLLLhO+LA==
